
Microsoft Visual Studio Solution File, Format Version 12.00
# Visual Studio 15
VisualStudioVersion = 15.0.28307.1231
MinimumVisualStudioVersion = 10.0.40219.1
Project("{FAE04EC0-301F-11D3-BF4B-00C04F79EFBC}") = "demoClient2", "demoClient2\demoClient2.csproj", "{6E99052D-05BC-4D79-B47C-255A3E108D86}"
EndProject
Project("{FAE04EC0-301F-11D3-BF4B-00C04F79EFBC}") = "GnatMQ.Net", "..\..\..\Desktop\MQTT\GnatMQ\GnatMQ.Net.csproj", "{4EBFA6E5-0636-496C-8C46-991B05DF7491}"
EndProject
Global
	GlobalSection(SolutionConfigurationPlatforms) = preSolution
		Debug|Any CPU = Debug|Any CPU
		Release|Any CPU = Release|Any CPU
	EndGlobalSection
	GlobalSection(ProjectConfigurationPlatforms) = postSolution
		{6E99052D-05BC-4D79-B47C-255A3E108D86}.Debug|Any CPU.ActiveCfg = Debug|Any CPU
		{6E99052D-05BC-4D79-B47C-255A3E108D86}.Debug|Any CPU.Build.0 = Debug|Any CPU
		{6E99052D-05BC-4D79-B47C-255A3E108D86}.Release|Any CPU.ActiveCfg = Release|Any CPU
		{6E99052D-05BC-4D79-B47C-255A3E108D86}.Release|Any CPU.Build.0 = Release|Any CPU
		{4EBFA6E5-0636-496C-8C46-991B05DF7491}.Debug|Any CPU.ActiveCfg = Debug|Any CPU
		{4EBFA6E5-0636-496C-8C46-991B05DF7491}.Debug|Any CPU.Build.0 = Debug|Any CPU
		{4EBFA6E5-0636-496C-8C46-991B05DF7491}.Release|Any CPU.ActiveCfg = Release|Any CPU
		{4EBFA6E5-0636-496C-8C46-991B05DF7491}.Release|Any CPU.Build.0 = Release|Any CPU
	EndGlobalSection
	GlobalSection(SolutionProperties) = preSolution
		HideSolutionNode = FALSE
	EndGlobalSection
	GlobalSection(ExtensibilityGlobals) = postSolution
		SolutionGuid = {EDD9F77D-EC71-4BCF-B3C3-E1F2C1F33AE3}
	EndGlobalSection
EndGlobal
